# Auto-generated by `cryo fetch`. Do not edit by hand.
# Re-run `cryo fetch` after changing cryoconfig dependencies.
version = 1

[[package]]
name     = "cqlite"
url      = "https://github.com/jakelequire/cqlite.git"
ref_kind = "version"
ref_val  = "0.1.0"
sha      = "2d5c4f6bd3b37bd9c48e034ae952a1a54ff7e636"

